
Microsoft Visual Studio Solution File, Format Version 12.00
# Visual Studio 15
VisualStudioVersion = 15.0.27130.2027
MinimumVisualStudioVersion = 10.0.40219.1
Project("{FAE04EC0-301F-11D3-BF4B-00C04F79EFBC}") = "duckdns", "duckdns\duckdns.csproj", "{8843FD14-DAC5-43B8-9748-62740869957A}"
EndProject
Project("{FAE04EC0-301F-11D3-BF4B-00C04F79EFBC}") = "tests", "tests\tests.csproj", "{6D80B2BE-034A-4CC4-A36D-13AE829773B1}"
EndProject
Global
	GlobalSection(SolutionConfigurationPlatforms) = preSolution
		Debug|Any CPU = Debug|Any CPU
		Release|Any CPU = Release|Any CPU
	EndGlobalSection
	GlobalSection(ProjectConfigurationPlatforms) = postSolution
		{8843FD14-DAC5-43B8-9748-62740869957A}.Debug|Any CPU.ActiveCfg = Debug|Any CPU
		{8843FD14-DAC5-43B8-9748-62740869957A}.Debug|Any CPU.Build.0 = Debug|Any CPU
		{8843FD14-DAC5-43B8-9748-62740869957A}.Release|Any CPU.ActiveCfg = Release|Any CPU
		{8843FD14-DAC5-43B8-9748-62740869957A}.Release|Any CPU.Build.0 = Release|Any CPU
		{6D80B2BE-034A-4CC4-A36D-13AE829773B1}.Debug|Any CPU.ActiveCfg = Debug|Any CPU
		{6D80B2BE-034A-4CC4-A36D-13AE829773B1}.Debug|Any CPU.Build.0 = Debug|Any CPU
		{6D80B2BE-034A-4CC4-A36D-13AE829773B1}.Release|Any CPU.ActiveCfg = Release|Any CPU
		{6D80B2BE-034A-4CC4-A36D-13AE829773B1}.Release|Any CPU.Build.0 = Release|Any CPU
	EndGlobalSection
	GlobalSection(SolutionProperties) = preSolution
		HideSolutionNode = FALSE
	EndGlobalSection
	GlobalSection(ExtensibilityGlobals) = postSolution
		SolutionGuid = {70A3013B-C103-4A56-B89E-C9C4671DF4EA}
	EndGlobalSection
EndGlobal
